PATH
  remote: .
  specs:
    mk_semi_lattice (0.1.1)
      colorize
      command_line
      ruby2d

GEM
  remote: https://rubygems.org/
  specs:
    colorize (1.1.0)
    command_line (2.0.1)
    minitest (5.26.2)
    rake (13.3.1)
    ruby2d (0.12.1)

PLATFORMS
  arm64-darwin-20
  ruby

DEPENDENCIES
  minitest (~> 5.16)
  mk_semi_lattice!
  rake (~> 13.0)

BUNDLED WITH
   2.7.2
